
Microsoft Visual Studio Solution File, Format Version 12.00
# Visual Studio Version 17
VisualStudioVersion = 17.4.33213.308
MinimumVisualStudioVersion = 10.0.40219.1
Project("{FAE04EC0-301F-11D3-BF4B-00C04F79EFBC}") = "CulminatingThiviyanS", "CulminatingThiviyanS\CulminatingThiviyanS.csproj", "{EB1FCB31-5F95-4481-88DA-F6C9B1D16D7D}"
EndProject
Global
	GlobalSection(SolutionConfigurationPlatforms) = preSolution
		Debug|Any CPU = Debug|Any CPU
		Release|Any CPU = Release|Any CPU
	EndGlobalSection
	GlobalSection(ProjectConfigurationPlatforms) = postSolution
		{EB1FCB31-5F95-4481-88DA-F6C9B1D16D7D}.Debug|Any CPU.ActiveCfg = Debug|Any CPU
		{EB1FCB31-5F95-4481-88DA-F6C9B1D16D7D}.Debug|Any CPU.Build.0 = Debug|Any CPU
		{EB1FCB31-5F95-4481-88DA-F6C9B1D16D7D}.Release|Any CPU.ActiveCfg = Release|Any CPU
		{EB1FCB31-5F95-4481-88DA-F6C9B1D16D7D}.Release|Any CPU.Build.0 = Release|Any CPU
	EndGlobalSection
	GlobalSection(SolutionProperties) = preSolution
		HideSolutionNode = FALSE
	EndGlobalSection
	GlobalSection(ExtensibilityGlobals) = postSolution
		SolutionGuid = {49B1D526-C725-47B9-B26D-556A67F4CBC4}
	EndGlobalSection
EndGlobal
